
Microsoft Visual Studio Solution File, Format Version 12.00
# Visual Studio Version 16
VisualStudioVersion = 16.0.29509.3
MinimumVisualStudioVersion = 10.0.40219.1
Project("{FAE04EC0-301F-11D3-BF4B-00C04F79EFBC}") = "OpenApiHttpValidation", "OpenApiHttpValidation\OpenApiHttpValidation.csproj", "{5B253EDB-8F73-486F-B4EE-DD2160F31E2E}"
EndProject
Project("{FAE04EC0-301F-11D3-BF4B-00C04F79EFBC}") = "OpenApiHttpValidation.Tests", "OpenApiHttpValidation.Tests\OpenApiHttpValidation.Tests.csproj", "{99F2A924-DFF8-4A97-BB28-9F7F67516A96}"
EndProject
Global
	GlobalSection(SolutionConfigurationPlatforms) = preSolution
		Debug|Any CPU = Debug|Any CPU
		Release|Any CPU = Release|Any CPU
	EndGlobalSection
	GlobalSection(ProjectConfigurationPlatforms) = postSolution
		{5B253EDB-8F73-486F-B4EE-DD2160F31E2E}.Debug|Any CPU.ActiveCfg = Debug|Any CPU
		{5B253EDB-8F73-486F-B4EE-DD2160F31E2E}.Debug|Any CPU.Build.0 = Debug|Any CPU
		{5B253EDB-8F73-486F-B4EE-DD2160F31E2E}.Release|Any CPU.ActiveCfg = Release|Any CPU
		{5B253EDB-8F73-486F-B4EE-DD2160F31E2E}.Release|Any CPU.Build.0 = Release|Any CPU
		{99F2A924-DFF8-4A97-BB28-9F7F67516A96}.Debug|Any CPU.ActiveCfg = Debug|Any CPU
		{99F2A924-DFF8-4A97-BB28-9F7F67516A96}.Debug|Any CPU.Build.0 = Debug|Any CPU
		{99F2A924-DFF8-4A97-BB28-9F7F67516A96}.Release|Any CPU.ActiveCfg = Release|Any CPU
		{99F2A924-DFF8-4A97-BB28-9F7F67516A96}.Release|Any CPU.Build.0 = Release|Any CPU
	EndGlobalSection
	GlobalSection(SolutionProperties) = preSolution
		HideSolutionNode = FALSE
	EndGlobalSection
	GlobalSection(ExtensibilityGlobals) = postSolution
		SolutionGuid = {8E49C93A-777E-49EF-B6C6-55275D8DA825}
	EndGlobalSection
EndGlobal
